
Microsoft Visual Studio Solution File, Format Version 12.00
# Visual Studio Version 17
VisualStudioVersion = 17.8.34316.72
MinimumVisualStudioVersion = 10.0.40219.1
Project("{FAE04EC0-301F-11D3-BF4B-00C04F79EFBC}") = "VSOSH.UI", "VSOSH.UI\VSOSH.UI.csproj", "{2EABC5A4-5CFF-4FAF-B224-8D2904DE5888}"
EndProject
Project("{FAE04EC0-301F-11D3-BF4B-00C04F79EFBC}") = "VSOSH.Domain", "VSOSH.Domain\VSOSH.Domain.csproj", "{BCE4F90F-3573-4DC8-A887-D9FB748B6069}"
EndProject
Project("{FAE04EC0-301F-11D3-BF4B-00C04F79EFBC}") = "VSOSH.Dal", "VSOSH.Dal\VSOSH.Dal.csproj", "{58155E1A-EB1B-4BE6-87A7-58A45F8B5797}"
EndProject
Project("{FAE04EC0-301F-11D3-BF4B-00C04F79EFBC}") = "VSOSH.Contracts", "VSOSH.Contracts\VSOSH.Contracts.csproj", "{71001CB5-237C-4E8A-9827-74E38FCCF82D}"
EndProject
Global
	GlobalSection(SolutionConfigurationPlatforms) = preSolution
		Debug|Any CPU = Debug|Any CPU
		Release|Any CPU = Release|Any CPU
	EndGlobalSection
	GlobalSection(ProjectConfigurationPlatforms) = postSolution
		{2EABC5A4-5CFF-4FAF-B224-8D2904DE5888}.Debug|Any CPU.ActiveCfg = Debug|Any CPU
		{2EABC5A4-5CFF-4FAF-B224-8D2904DE5888}.Debug|Any CPU.Build.0 = Debug|Any CPU
		{2EABC5A4-5CFF-4FAF-B224-8D2904DE5888}.Release|Any CPU.ActiveCfg = Release|Any CPU
		{2EABC5A4-5CFF-4FAF-B224-8D2904DE5888}.Release|Any CPU.Build.0 = Release|Any CPU
		{BCE4F90F-3573-4DC8-A887-D9FB748B6069}.Debug|Any CPU.ActiveCfg = Debug|Any CPU
		{BCE4F90F-3573-4DC8-A887-D9FB748B6069}.Debug|Any CPU.Build.0 = Debug|Any CPU
		{BCE4F90F-3573-4DC8-A887-D9FB748B6069}.Release|Any CPU.ActiveCfg = Release|Any CPU
		{BCE4F90F-3573-4DC8-A887-D9FB748B6069}.Release|Any CPU.Build.0 = Release|Any CPU
		{58155E1A-EB1B-4BE6-87A7-58A45F8B5797}.Debug|Any CPU.ActiveCfg = Debug|Any CPU
		{58155E1A-EB1B-4BE6-87A7-58A45F8B5797}.Debug|Any CPU.Build.0 = Debug|Any CPU
		{58155E1A-EB1B-4BE6-87A7-58A45F8B5797}.Release|Any CPU.ActiveCfg = Release|Any CPU
		{58155E1A-EB1B-4BE6-87A7-58A45F8B5797}.Release|Any CPU.Build.0 = Release|Any CPU
		{71001CB5-237C-4E8A-9827-74E38FCCF82D}.Debug|Any CPU.ActiveCfg = Debug|Any CPU
		{71001CB5-237C-4E8A-9827-74E38FCCF82D}.Debug|Any CPU.Build.0 = Debug|Any CPU
		{71001CB5-237C-4E8A-9827-74E38FCCF82D}.Release|Any CPU.ActiveCfg = Release|Any CPU
		{71001CB5-237C-4E8A-9827-74E38FCCF82D}.Release|Any CPU.Build.0 = Release|Any CPU
	EndGlobalSection
	GlobalSection(SolutionProperties) = preSolution
		HideSolutionNode = FALSE
	EndGlobalSection
	GlobalSection(ExtensibilityGlobals) = postSolution
		SolutionGuid = {5574E47A-4C6B-47FD-AD51-A21CE79702B9}
	EndGlobalSection
	GlobalSection(NestedProjects) = preSolution
	EndGlobalSection
EndGlobal
